// !$*UTF8*$!
{
	archiveVersion = 1;
	classes = {
	};
	objectVersion = 46;
	objects = {

/* Begin PBXBuildFile section */
		E10C27D91CD0A88B009CBEA7 /* AppDelegate.swift in Sources */ = {isa = PBXBuildFile; fileRef = E10C27D81CD0A88B009CBEA7 /* AppDelegate.swift */; };
		E10C27DB1CD0A88B009CBEA7 /* TableViewController.swift in Sources */ = {isa = PBXBuildFile; fileRef = E10C27DA1CD0A88B009CBEA7 /* TableViewController.swift */; };
		E10C27DE1CD0A88B009CBEA7 /* Main.storyboard in Resources */ = {isa = PBXBuildFile; fileRef = E10C27DC1CD0A88B009CBEA7 /* Main.storyboard */; };
		E10C27E11CD0A88B009CBEA7 /* PictureMemo.xcdatamodeld in Sources */ = {isa = PBXBuildFile; fileRef = E10C27DF1CD0A88B009CBEA7 /* PictureMemo.xcdatamodeld */; };
		E10C27E31CD0A88B009CBEA7 /* Assets.xcassets in Resources */ = {isa = PBXBuildFile; fileRef = E10C27E21CD0A88B009CBEA7 /* Assets.xcassets */; };
		E10C27E61CD0A88B009CBEA7 /* LaunchScreen.storyboard in Resources */ = {isa = PBXBuildFile; fileRef = E10C27E41CD0A88B009CBEA7 /* LaunchScreen.storyboard */; };
		E10C27F11CD0A88B009CBEA7 /* PictureMemoTests.swift in Sources */ = {isa = PBXBuildFile; fileRef = E10C27F01CD0A88B009CBEA7 /* PictureMemoTests.swift */; };
		E10C27FC1CD0A88B009CBEA7 /* PictureMemoUITests.swift in Sources */ = {isa = PBXBuildFile; fileRef = E10C27FB1CD0A88B009CBEA7 /* PictureMemoUITests.swift */; };
		E10C280A1CD0B5C5009CBEA7 /* AddNoteViewController.swift in Sources */ = {isa = PBXBuildFile; fileRef = E10C28091CD0B5C5009CBEA7 /* AddNoteViewController.swift */; };
		E10C280C1CD103F2009CBEA7 /* ItemTableViewCell.swift in Sources */ = {isa = PBXBuildFile; fileRef = E10C280B1CD103F2009CBEA7 /* ItemTableViewCell.swift */; };
		E10C280F1CD10DB3009CBEA7 /* Note+CoreDataProperties.swift in Sources */ = {isa = PBXBuildFile; fileRef = E10C280D1CD10DB3009CBEA7 /* Note+CoreDataProperties.swift */; };
		E10C28101CD10DB3009CBEA7 /* Note.swift in Sources */ = {isa = PBXBuildFile; fileRef = E10C280E1CD10DB3009CBEA7 /* Note.swift */; };
		E11829811CE9A0FB00BB2877 /* Common.swift in Sources */ = {isa = PBXBuildFile; fileRef = E11829801CE9A0FB00BB2877 /* Common.swift */; };
		E17CB8BC1CD287DC0038E244 /* DetailViewController.swift in Sources */ = {isa = PBXBuildFile; fileRef = E17CB8BB1CD287DC0038E244 /* DetailViewController.swift */; };
		E1F24B641CDB7DB50035E14A /* SettingsViewController.swift in Sources */ = {isa = PBXBuildFile; fileRef = E1F24B631CDB7DB50035E14A /* SettingsViewController.swift */; };
/* End PBXBuildFile section */

/* Begin PBXContainerItemProxy section */
		E10C27ED1CD0A88B009CBEA7 /* PBXContainerItemProxy */ = {
			isa = PBXContainerItemProxy;
			containerPortal = E10C27CD1CD0A88B009CBEA7 /* Project object */;
			proxyType = 1;
			remoteGlobalIDString = E10C27D41CD0A88B009CBEA7;
			remoteInfo = PictureMemo;
		};
		E10C27F81CD0A88B009CBEA7 /* PBXContainerItemProxy */ = {
			isa = PBXContainerItemProxy;
			containerPortal = E10C27CD1CD0A88B009CBEA7 /* Project object */;
			proxyType = 1;
			remoteGlobalIDString = E10C27D41CD0A88B009CBEA7;
			remoteInfo = PictureMemo;
		};
/* End PBXContainerItemProxy section */

/* Begin PBXFileReference section */
		E10C27D51CD0A88B009CBEA7 /* PictureMemo.app */ = {isa = PBXFileReference; explicitFileType = wrapper.application; includeInIndex = 0; path = PictureMemo.app; sourceTree = BUILT_PRODUCTS_DIR; };
		E10C27D81CD0A88B009CBEA7 /* AppDelegate.swift */ = {isa = PBXFileReference; lastKnownFileType = sourcecode.swift; path = AppDelegate.swift; sourceTree = "<group>"; };
		E10C27DA1CD0A88B009CBEA7 /* TableViewController.swift */ = {isa = PBXFileReference; lastKnownFileType = sourcecode.swift; path = TableViewController.swift; sourceTree = "<group>"; };
		E10C27DD1CD0A88B009CBEA7 /* Base */ = {isa = PBXFileReference; lastKnownFileType = file.storyboard; name = Base; path = Base.lproj/Main.storyboard; sourceTree = "<group>"; };
		E10C27E01CD0A88B009CBEA7 /* PictureMemo.xcdatamodel */ = {isa = PBXFileReference; lastKnownFileType = wrapper.xcdatamodel; path = PictureMemo.xcdatamodel; sourceTree = "<group>"; };
		E10C27E21CD0A88B009CBEA7 /* Assets.xcassets */ = {isa = PBXFileReference; lastKnownFileType = folder.assetcatalog; path = Assets.xcassets; sourceTree = "<group>"; };
		E10C27E51CD0A88B009CBEA7 /* Base */ = {isa = PBXFileReference; lastKnownFileType = file.storyboard; name = Base; path = Base.lproj/LaunchScreen.storyboard; sourceTree = "<group>"; };
		E10C27E71CD0A88B009CBEA7 /* Info.plist */ = {isa = PBXFileReference; lastKnownFileType = text.plist.xml; path = Info.plist; sourceTree = "<group>"; };
		E10C27EC1CD0A88B009CBEA7 /* PictureMemoTests.xctest */ = {isa = PBXFileReference; explicitFileType = wrapper.cfbundle; includeInIndex = 0; path = PictureMemoTests.xctest; sourceTree = BUILT_PRODUCTS_DIR; };
		E10C27F01CD0A88B009CBEA7 /* PictureMemoTests.swift */ = {isa = PBXFileReference; lastKnownFileType = sourcecode.swift; path = PictureMemoTests.swift; sourceTree = "<group>"; };
		E10C27F21CD0A88B009CBEA7 /* Info.plist */ = {isa = PBXFileReference; lastKnownFileType = text.plist.xml; path = Info.plist; sourceTree = "<group>"; };
		E10C27F71CD0A88B009CBEA7 /* PictureMemoUITests.xctest */ = {isa = PBXFileReference; explicitFileType = wrapper.cfbundle; includeInIndex = 0; path = PictureMemoUITests.xctest; sourceTree = BUILT_PRODUCTS_DIR; };
		E10C27FB1CD0A88B009CBEA7 /* PictureMemoUITests.swift */ = {isa = PBXFileReference; lastKnownFileType = sourcecode.swift; path = PictureMemoUITests.swift; sourceTree = "<group>"; };
		E10C27FD1CD0A88B009CBEA7 /* Info.plist */ = {isa = PBXFileReference; lastKnownFileType = text.plist.xml; path = Info.plist; sourceTree = "<group>"; };
		E10C28091CD0B5C5009CBEA7 /* AddNoteViewController.swift */ = {isa = PBXFileReference; fileEncoding = 4; lastKnownFileType = sourcecode.swift; path = AddNoteViewController.swift; sourceTree = "<group>"; };
		E10C280B1CD103F2009CBEA7 /* ItemTableViewCell.swift */ = {isa = PBXFileReference; fileEncoding = 4; lastKnownFileType = sourcecode.swift; path = ItemTableViewCell.swift; sourceTree = "<group>"; };
		E10C280D1CD10DB3009CBEA7 /* Note+CoreDataProperties.swift */ = {isa = PBXFileReference; fileEncoding = 4; lastKnownFileType = sourcecode.swift; path = "Note+CoreDataProperties.swift"; sourceTree = "<group>"; };
		E10C280E1CD10DB3009CBEA7 /* Note.swift */ = {isa = PBXFileReference; fileEncoding = 4; lastKnownFileType = sourcecode.swift; path = Note.swift; sourceTree = "<group>"; };
		E11829801CE9A0FB00BB2877 /* Common.swift */ = {isa = PBXFileReference; fileEncoding = 4; lastKnownFileType = sourcecode.swift; path = Common.swift; sourceTree = "<group>"; };
		E17CB8BB1CD287DC0038E244 /* DetailViewController.swift */ = {isa = PBXFileReference; fileEncoding = 4; lastKnownFileType = sourcecode.swift; path = DetailViewController.swift; sourceTree = "<group>"; };
		E1F24B631CDB7DB50035E14A /* SettingsViewController.swift */ = {isa = PBXFileReference; fileEncoding = 4; lastKnownFileType = sourcecode.swift; path = SettingsViewController.swift; sourceTree = "<group>"; };
/* End PBXFileReference section */

/* Begin PBXFrameworksBuildPhase section */
		E10C27D21CD0A88B009CBEA7 /* Frameworks */ = {
			isa = PBXFrameworksBuildPhase;
			buildActionMask = 2147483647;
			files = (
			);
			runOnlyForDeploymentPostprocessing = 0;
		};
		E10C27E91CD0A88B009CBEA7 /* Frameworks */ = {
			isa = PBXFrameworksBuildPhase;
			buildActionMask = 2147483647;
			files = (
			);
			runOnlyForDeploymentPostprocessing = 0;
		};
		E10C27F41CD0A88B009CBEA7 /* Frameworks */ = {
			isa = PBXFrameworksBuildPhase;
			buildActionMask = 2147483647;
			files = (
			);
			runOnlyForDeploymentPostprocessing = 0;
		};
/* End PBXFrameworksBuildPhase section */

/* Begin PBXGroup section */
		E10C27CC1CD0A88B009CBEA7 = {
			isa = PBXGroup;
			children = (
				E10C27D71CD0A88B009CBEA7 /* PictureMemo */,
				E10C27EF1CD0A88B009CBEA7 /* PictureMemoTests */,
				E10C27FA1CD0A88B009CBEA7 /* PictureMemoUITests */,
				E10C27D61CD0A88B009CBEA7 /* Products */,
			);
			sourceTree = "<group>";
		};
		E10C27D61CD0A88B009CBEA7 /* Products */ = {
			isa = PBXGroup;
			children = (
				E10C27D51CD0A88B009CBEA7 /* PictureMemo.app */,
				E10C27EC1CD0A88B009CBEA7 /* PictureMemoTests.xctest */,
				E10C27F71CD0A88B009CBEA7 /* PictureMemoUITests.xctest */,
			);
			name = Products;
			sourceTree = "<group>";
		};
		E10C27D71CD0A88B009CBEA7 /* PictureMemo */ = {
			isa = PBXGroup;
			children = (
				E10C27D81CD0A88B009CBEA7 /* AppDelegate.swift */,
				E10C27DA1CD0A88B009CBEA7 /* TableViewController.swift */,
				E11829801CE9A0FB00BB2877 /* Common.swift */,
				E17CB8BB1CD287DC0038E244 /* DetailViewController.swift */,
				E10C280D1CD10DB3009CBEA7 /* Note+CoreDataProperties.swift */,
				E10C280E1CD10DB3009CBEA7 /* Note.swift */,
				E10C28091CD0B5C5009CBEA7 /* AddNoteViewController.swift */,
				E10C280B1CD103F2009CBEA7 /* ItemTableViewCell.swift */,
				E10C27DC1CD0A88B009CBEA7 /* Main.storyboard */,
				E1F24B631CDB7DB50035E14A /* SettingsViewController.swift */,
				E10C27E21CD0A88B009CBEA7 /* Assets.xcassets */,
				E10C27E41CD0A88B009CBEA7 /* LaunchScreen.storyboard */,
				E10C27E71CD0A88B009CBEA7 /* Info.plist */,
				E10C27DF1CD0A88B009CBEA7 /* PictureMemo.xcdatamodeld */,
			);
			path = PictureMemo;
			sourceTree = "<group>";
		};
		E10C27EF1CD0A88B009CBEA7 /* PictureMemoTests */ = {
			isa = PBXGroup;
			children = (
				E10C27F01CD0A88B009CBEA7 /* PictureMemoTests.swift */,
				E10C27F21CD0A88B009CBEA7 /* Info.plist */,
			);
			path = PictureMemoTests;
			sourceTree = "<group>";
		};
		E10C27FA1CD0A88B009CBEA7 /* PictureMemoUITests */ = {
			isa = PBXGroup;
			children = (
				E10C27FB1CD0A88B009CBEA7 /* PictureMemoUITests.swift */,
				E10C27FD1CD0A88B009CBEA7 /* Info.plist */,
			);
			path = PictureMemoUITests;
			sourceTree = "<group>";
		};
/* End PBXGroup section */

/* Begin PBXNativeTarget section */
		E10C27D41CD0A88B009CBEA7 /* PictureMemo */ = {
			isa = PBXNativeTarget;
			buildConfigurationList = E10C28001CD0A88B009CBEA7 /* Build configuration list for PBXNativeTarget "PictureMemo" */;
			buildPhases = (
				E10C27D11CD0A88B009CBEA7 /* Sources */,
				E10C27D21CD0A88B009CBEA7 /* Frameworks */,
				E10C27D31CD0A88B009CBEA7 /* Resources */,
			);
			buildRules = (
			);
			dependencies = (
			);
			name = PictureMemo;
			productName = PictureMemo;
			productReference = E10C27D51CD0A88B009CBEA7 /* PictureMemo.app */;
			productType = "com.apple.product-type.application";
		};
		E10C27EB1CD0A88B009CBEA7 /* PictureMemoTests */ = {
			isa = PBXNativeTarget;
			buildConfigurationList = E10C28031CD0A88B009CBEA7 /* Build configuration list for PBXNativeTarget "PictureMemoTests" */;
			buildPhases = (
				E10C27E81CD0A88B009CBEA7 /* Sources */,
				E10C27E91CD0A88B009CBEA7 /* Frameworks */,
				E10C27EA1CD0A88B009CBEA7 /* Resources */,
			);
			buildRules = (
			);
			dependencies = (
				E10C27EE1CD0A88B009CBEA7 /* PBXTargetDependency */,
			);
			name = PictureMemoTests;
			productName = PictureMemoTests;
			productReference = E10C27EC1CD0A88B009CBEA7 /* PictureMemoTests.xctest */;
			productType = "com.apple.product-type.bundle.unit-test";
		};
		E10C27F61CD0A88B009CBEA7 /* PictureMemoUITests */ = {
			isa = PBXNativeTarget;
			buildConfigurationList = E10C28061CD0A88B009CBEA7 /* Build configuration list for PBXNativeTarget "PictureMemoUITests" */;
			buildPhases = (
				E10C27F31CD0A88B009CBEA7 /* Sources */,
				E10C27F41CD0A88B009CBEA7 /* Frameworks */,
				E10C27F51CD0A88B009CBEA7 /* Resources */,
			);
			buildRules = (
			);
			dependencies = (
				E10C27F91CD0A88B009CBEA7 /* PBXTargetDependency */,
			);
			name = PictureMemoUITests;
			productName = PictureMemoUITests;
			productReference = E10C27F71CD0A88B009CBEA7 /* PictureMemoUITests.xctest */;
			productType = "com.apple.product-type.bundle.ui-testing";
		};
/* End PBXNativeTarget section */

/* Begin PBXProject section */
		E10C27CD1CD0A88B009CBEA7 /* Project object */ = {
			isa = PBXProject;
			attributes = {
				LastSwiftUpdateCheck = 0730;
				LastUpgradeCheck = 0730;
				ORGANIZATIONNAME = "saito-takumi";
				TargetAttributes = {
					E10C27D41CD0A88B009CBEA7 = {
						CreatedOnToolsVersion = 7.3;
						DevelopmentTeam = M8JMRSXK8F;
					};
					E10C27EB1CD0A88B009CBEA7 = {
						CreatedOnToolsVersion = 7.3;
						DevelopmentTeam = M8JMRSXK8F;
						TestTargetID = E10C27D41CD0A88B009CBEA7;
					};
					E10C27F61CD0A88B009CBEA7 = {
						CreatedOnToolsVersion = 7.3;
						DevelopmentTeam = M8JMRSXK8F;
						TestTargetID = E10C27D41CD0A88B009CBEA7;
					};
				};
			};
			buildConfigurationList = E10C27D01CD0A88B009CBEA7 /* Build configuration list for PBXProject "PictureMemo" */;
			compatibilityVersion = "Xcode 3.2";
			developmentRegion = English;
			hasScannedForEncodings = 0;
			knownRegions = (
				en,
				Base,
			);
			mainGroup = E10C27CC1CD0A88B009CBEA7;
			productRefGroup = E10C27D61CD0A88B009CBEA7 /* Products */;
			projectDirPath = "";
			projectRoot = "";
			targets = (
				E10C27D41CD0A88B009CBEA7 /* PictureMemo */,
				E10C27EB1CD0A88B009CBEA7 /* PictureMemoTests */,
				E10C27F61CD0A88B009CBEA7 /* PictureMemoUITests */,
			);
		};
/* End PBXProject section */

/* Begin PBXResourcesBuildPhase section */
		E10C27D31CD0A88B009CBEA7 /* Resources */ = {
			isa = PBXResourcesBuildPhase;
			buildActionMask = 2147483647;
			files = (
				E10C27E61CD0A88B009CBEA7 /* LaunchScreen.storyboard in Resources */,
				E10C27E31CD0A88B009CBEA7 /* Assets.xcassets in Resources */,
				E10C27DE1CD0A88B009CBEA7 /* Main.storyboard in Resources */,
			);
			runOnlyForDeploymentPostprocessing = 0;
		};
		E10C27EA1CD0A88B009CBEA7 /* Resources */ = {
			isa = PBXResourcesBuildPhase;
			buildActionMask = 2147483647;
			files = (
			);
			runOnlyForDeploymentPostprocessing = 0;
		};
		E10C27F51CD0A88B009CBEA7 /* Resources */ = {
			isa = PBXResourcesBuildPhase;
			buildActionMask = 2147483647;
			files = (
			);
			runOnlyForDeploymentPostprocessing = 0;
		};
/* End PBXResourcesBuildPhase section */

/* Begin PBXSourcesBuildPhase section */
		E10C27D11CD0A88B009CBEA7 /* Sources */ = {
			isa = PBXSourcesBuildPhase;
			buildActionMask = 2147483647;
			files = (
				E10C280A1CD0B5C5009CBEA7 /* AddNoteViewController.swift in Sources */,
				E10C27DB1CD0A88B009CBEA7 /* TableViewController.swift in Sources */,
				E10C28101CD10DB3009CBEA7 /* Note.swift in Sources */,
				E10C27E11CD0A88B009CBEA7 /* PictureMemo.xcdatamodeld in Sources */,
				E10C27D91CD0A88B009CBEA7 /* AppDelegate.swift in Sources */,
				E10C280C1CD103F2009CBEA7 /* ItemTableViewCell.swift in Sources */,
				E10C280F1CD10DB3009CBEA7 /* Note+CoreDataProperties.swift in Sources */,
				E17CB8BC1CD287DC0038E244 /* DetailViewController.swift in Sources */,
				E11829811CE9A0FB00BB2877 /* Common.swift in Sources */,
				E1F24B641CDB7DB50035E14A /* SettingsViewController.swift in Sources */,
			);
			runOnlyForDeploymentPostprocessing = 0;
		};
		E10C27E81CD0A88B009CBEA7 /* Sources */ = {
			isa = PBXSourcesBuildPhase;
			buildActionMask = 2147483647;
			files = (
				E10C27F11CD0A88B009CBEA7 /* PictureMemoTests.swift in Sources */,
			);
			runOnlyForDeploymentPostprocessing = 0;
		};
		E10C27F31CD0A88B009CBEA7 /* Sources */ = {
			isa = PBXSourcesBuildPhase;
			buildActionMask = 2147483647;
			files = (
				E10C27FC1CD0A88B009CBEA7 /* PictureMemoUITests.swift in Sources */,
			);
			runOnlyForDeploymentPostprocessing = 0;
		};
/* End PBXSourcesBuildPhase section */

/* Begin PBXTargetDependency section */
		E10C27EE1CD0A88B009CBEA7 /* PBXTargetDependency */ = {
			isa = PBXTargetDependency;
			target = E10C27D41CD0A88B009CBEA7 /* PictureMemo */;
			targetProxy = E10C27ED1CD0A88B009CBEA7 /* PBXContainerItemProxy */;
		};
		E10C27F91CD0A88B009CBEA7 /* PBXTargetDependency */ = {
			isa = PBXTargetDependency;
			target = E10C27D41CD0A88B009CBEA7 /* PictureMemo */;
			targetProxy = E10C27F81CD0A88B009CBEA7 /* PBXContainerItemProxy */;
		};
/* End PBXTargetDependency section */

/* Begin PBXVariantGroup section */
		E10C27DC1CD0A88B009CBEA7 /* Main.storyboard */ = {
			isa = PBXVariantGroup;
			children = (
				E10C27DD1CD0A88B009CBEA7 /* Base */,
			);
			name = Main.storyboard;
			sourceTree = "<group>";
		};
		E10C27E41CD0A88B009CBEA7 /* LaunchScreen.storyboard */ = {
			isa = PBXVariantGroup;
			children = (
				E10C27E51CD0A88B009CBEA7 /* Base */,
			);
			name = LaunchScreen.storyboard;
			sourceTree = "<group>";
		};
/* End PBXVariantGroup section */

/* Begin XCBuildConfiguration section */
		E10C27FE1CD0A88B009CBEA7 /* Debug */ = {
			isa = XCBuildConfiguration;
			buildSettings = {
				ALWAYS_SEARCH_USER_PATHS = NO;
				CLANG_ANALYZER_NONNULL = YES;
				CLANG_CXX_LANGUAGE_STANDARD = "gnu++0x";
				CLANG_CXX_LIBRARY = "libc++";
				CLANG_ENABLE_MODULES = YES;
				CLANG_ENABLE_OBJC_ARC = YES;
				CLANG_WARN_BOOL_CONVERSION = YES;
				CLANG_WARN_CONSTANT_CONVERSION = YES;
				CLANG_WARN_DIRECT_OBJC_ISA_USAGE = YES_ERROR;
				CLANG_WARN_EMPTY_BODY = YES;
				CLANG_WARN_ENUM_CONVERSION = YES;
				CLANG_WARN_INT_CONVERSION = YES;
				CLANG_WARN_OBJC_ROOT_CLASS = YES_ERROR;
				CLANG_WARN_UNREACHABLE_CODE = YES;
				CLANG_WARN__DUPLICATE_METHOD_MATCH = YES;
				"CODE_SIGN_IDENTITY[sdk=iphoneos*]" = "iPhone Developer";
				COPY_PHASE_STRIP = NO;
				DEBUG_INFORMATION_FORMAT = dwarf;
				ENABLE_STRICT_OBJC_MSGSEND = YES;
				ENABLE_TESTABILITY = YES;
				GCC_C_LANGUAGE_STANDARD = gnu99;
				GCC_DYNAMIC_NO_PIC = NO;
				GCC_NO_COMMON_BLOCKS = YES;
				GCC_OPTIMIZATION_LEVEL = 0;
				GCC_PREPROCESSOR_DEFINITIONS = (
					"DEBUG=1",
					"$(inherited)",
				);
				GCC_WARN_64_TO_32_BIT_CONVERSION = YES;
				GCC_WARN_ABOUT_RETURN_TYPE = YES_ERROR;
				GCC_WARN_UNDECLARED_SELECTOR = YES;
				GCC_WARN_UNINITIALIZED_AUTOS = YES_AGGRESSIVE;
				GCC_WARN_UNUSED_FUNCTION = YES;
				GCC_WARN_UNUSED_VARIABLE = YES;
				IPHONEOS_DEPLOYMENT_TARGET = 9.3;
				MTL_ENABLE_DEBUG_INFO = YES;
				ONLY_ACTIVE_ARCH = YES;
				SDKROOT = iphoneos;
				SWIFT_OPTIMIZATION_LEVEL = "-Onone";
				TARGETED_DEVICE_FAMILY = "1,2";
			};
			name = Debug;
		};
		E10C27FF1CD0A88B009CBEA7 /* Release */ = {
			isa = XCBuildConfiguration;
			buildSettings = {
				ALWAYS_SEARCH_USER_PATHS = NO;
				CLANG_ANALYZER_NONNULL = YES;
				CLANG_CXX_LANGUAGE_STANDARD = "gnu++0x";
				CLANG_CXX_LIBRARY = "libc++";
				CLANG_ENABLE_MODULES = YES;
				CLANG_ENABLE_OBJC_ARC = YES;
				CLANG_WARN_BOOL_CONVERSION = YES;
				CLANG_WARN_CONSTANT_CONVERSION = YES;
				CLANG_WARN_DIRECT_OBJC_ISA_USAGE = YES_ERROR;
				CLANG_WARN_EMPTY_BODY = YES;
				CLANG_WARN_ENUM_CONVERSION = YES;
				CLANG_WARN_INT_CONVERSION = YES;
				CLANG_WARN_OBJC_ROOT_CLASS = YES_ERROR;
				CLANG_WARN_UNREACHABLE_CODE = YES;
				CLANG_WARN__DUPLICATE_METHOD_MATCH = YES;
				"CODE_SIGN_IDENTITY[sdk=iphoneos*]" = "iPhone Developer";
				COPY_PHASE_STRIP = NO;
				DEBUG_INFORMATION_FORMAT = "dwarf-with-dsym";
				ENABLE_NS_ASSERTIONS = NO;
				ENABLE_STRICT_OBJC_MSGSEND = YES;
				GCC_C_LANGUAGE_STANDARD = gnu99;
				GCC_NO_COMMON_BLOCKS = YES;
				GCC_WARN_64_TO_32_BIT_CONVERSION = YES;
				GCC_WARN_ABOUT_RETURN_TYPE = YES_ERROR;
				GCC_WARN_UNDECLARED_SELECTOR = YES;
				GCC_WARN_UNINITIALIZED_AUTOS = YES_AGGRESSIVE;
				GCC_WARN_UNUSED_FUNCTION = YES;
				GCC_WARN_UNUSED_VARIABLE = YES;
				IPHONEOS_DEPLOYMENT_TARGET = 9.3;
				MTL_ENABLE_DEBUG_INFO = NO;
				SDKROOT = iphoneos;
				TARGETED_DEVICE_FAMILY = "1,2";
				VALIDATE_PRODUCT = YES;
			};
			name = Release;
		};
		E10C28011CD0A88B009CBEA7 /* Debug */ = {
			isa = XCBuildConfiguration;
			buildSettings = {
				ASSETCATALOG_COMPILER_APPICON_NAME = AppIcon;
				INFOPLIST_FILE = PictureMemo/Info.plist;
				LD_RUNPATH_SEARCH_PATHS = "$(inherited) @executable_path/Frameworks";
				PRODUCT_BUNDLE_IDENTIFIER = jp.dip.sshgatealice.PictureMemo;
				PRODUCT_NAME = "$(TARGET_NAME)";
				TARGETED_DEVICE_FAMILY = 1;
			};
			name = Debug;
		};
		E10C28021CD0A88B009CBEA7 /* Release */ = {
			isa = XCBuildConfiguration;
			buildSettings = {
				ASSETCATALOG_COMPILER_APPICON_NAME = AppIcon;
				INFOPLIST_FILE = PictureMemo/Info.plist;
				LD_RUNPATH_SEARCH_PATHS = "$(inherited) @executable_path/Frameworks";
				PRODUCT_BUNDLE_IDENTIFIER = jp.dip.sshgatealice.PictureMemo;
				PRODUCT_NAME = "$(TARGET_NAME)";
				TARGETED_DEVICE_FAMILY = 1;
			};
			name = Release;
		};
		E10C28041CD0A88B009CBEA7 /* Debug */ = {
			isa = XCBuildConfiguration;
			buildSettings = {
				BUNDLE_LOADER = "$(TEST_HOST)";
				INFOPLIST_FILE = PictureMemoTests/Info.plist;
				LD_RUNPATH_SEARCH_PATHS = "$(inherited) @executable_path/Frameworks @loader_path/Frameworks";
				PRODUCT_BUNDLE_IDENTIFIER = jp.dip.sshgatealice.PictureMemoTests;
				PRODUCT_NAME = "$(TARGET_NAME)";
				TEST_HOST = "$(BUILT_PRODUCTS_DIR)/PictureMemo.app/PictureMemo";
			};
			name = Debug;
		};
		E10C28051CD0A88B009CBEA7 /* Release */ = {
			isa = XCBuildConfiguration;
			buildSettings = {
				BUNDLE_LOADER = "$(TEST_HOST)";
				INFOPLIST_FILE = PictureMemoTests/Info.plist;
				LD_RUNPATH_SEARCH_PATHS = "$(inherited) @executable_path/Frameworks @loader_path/Frameworks";
				PRODUCT_BUNDLE_IDENTIFIER = jp.dip.sshgatealice.PictureMemoTests;
				PRODUCT_NAME = "$(TARGET_NAME)";
				TEST_HOST = "$(BUILT_PRODUCTS_DIR)/PictureMemo.app/PictureMemo";
			};
			name = Release;
		};
		E10C28071CD0A88B009CBEA7 /* Debug */ = {
			isa = XCBuildConfiguration;
			buildSettings = {
				INFOPLIST_FILE = PictureMemoUITests/Info.plist;
				LD_RUNPATH_SEARCH_PATHS = "$(inherited) @executable_path/Frameworks @loader_path/Frameworks";
				PRODUCT_BUNDLE_IDENTIFIER = jp.dip.sshgatealice.PictureMemoUITests;
				PRODUCT_NAME = "$(TARGET_NAME)";
				TEST_TARGET_NAME = PictureMemo;
			};
			name = Debug;
		};
		E10C28081CD0A88B009CBEA7 /* Release */ = {
			isa = XCBuildConfiguration;
			buildSettings = {
				INFOPLIST_FILE = PictureMemoUITests/Info.plist;
				LD_RUNPATH_SEARCH_PATHS = "$(inherited) @executable_path/Frameworks @loader_path/Frameworks";
				PRODUCT_BUNDLE_IDENTIFIER = jp.dip.sshgatealice.PictureMemoUITests;
				PRODUCT_NAME = "$(TARGET_NAME)";
				TEST_TARGET_NAME = PictureMemo;
			};
			name = Release;
		};
/* End XCBuildConfiguration section */

/* Begin XCConfigurationList section */
		E10C27D01CD0A88B009CBEA7 /* Build configuration list for PBXProject "PictureMemo" */ = {
			isa = XCConfigurationList;
			buildConfigurations = (
				E10C27FE1CD0A88B009CBEA7 /* Debug */,
				E10C27FF1CD0A88B009CBEA7 /* Release */,
			);
			defaultConfigurationIsVisible = 0;
			defaultConfigurationName = Release;
		};
		E10C28001CD0A88B009CBEA7 /* Build configuration list for PBXNativeTarget "PictureMemo" */ = {
			isa = XCConfigurationList;
			buildConfigurations = (
				E10C28011CD0A88B009CBEA7 /* Debug */,
				E10C28021CD0A88B009CBEA7 /* Release */,
			);
			defaultConfigurationIsVisible = 0;
			defaultConfigurationName = Release;
		};
		E10C28031CD0A88B009CBEA7 /* Build configuration list for PBXNativeTarget "PictureMemoTests" */ = {
			isa = XCConfigurationList;
			buildConfigurations = (
				E10C28041CD0A88B009CBEA7 /* Debug */,
				E10C28051CD0A88B009CBEA7 /* Release */,
			);
			defaultConfigurationIsVisible = 0;
			defaultConfigurationName = Release;
		};
		E10C28061CD0A88B009CBEA7 /* Build configuration list for PBXNativeTarget "PictureMemoUITests" */ = {
			isa = XCConfigurationList;
			buildConfigurations = (
				E10C28071CD0A88B009CBEA7 /* Debug */,
				E10C28081CD0A88B009CBEA7 /* Release */,
			);
			defaultConfigurationIsVisible = 0;
			defaultConfigurationName = Release;
		};
/* End XCConfigurationList section */

/* Begin XCVersionGroup section */
		E10C27DF1CD0A88B009CBEA7 /* PictureMemo.xcdatamodeld */ = {
			isa = XCVersionGroup;
			children = (
				E10C27E01CD0A88B009CBEA7 /* PictureMemo.xcdatamodel */,
			);
			currentVersion = E10C27E01CD0A88B009CBEA7 /* PictureMemo.xcdatamodel */;
			path = PictureMemo.xcdatamodeld;
			sourceTree = "<group>";
			versionGroupType = wrapper.xcdatamodel;
		};
/* End XCVersionGroup section */
	};
	rootObject = E10C27CD1CD0A88B009CBEA7 /* Project object */;
}
